
Microsoft Visual Studio Solution File, Format Version 12.00
# Visual Studio Version 17
VisualStudioVersion = 17.0.31903.59
MinimumVisualStudioVersion = 10.0.40219.1
Project("{FAE04EC0-301F-11D3-BF4B-00C04F79EFBC}") = "RobotController.Common", "RobotController.Common\RobotController.Common.csproj", "{65299FAB-E7C5-4799-B3CE-F84D0C6665C5}"
EndProject
Project("{FAE04EC0-301F-11D3-BF4B-00C04F79EFBC}") = "RobotController.UI", "RobotController.UI\RobotController.UI.csproj", "{BBD9326B-D1C2-4061-8FA1-6EA048FEC1AF}"
EndProject
Project("{FAE04EC0-301F-11D3-BF4B-00C04F79EFBC}") = "RobotController.Tests", "RobotController.Tests\RobotController.Tests.csproj", "{9711801A-C5BA-44A3-9466-18D81A6F49D8}"
EndProject
Global
	GlobalSection(SolutionConfigurationPlatforms) = preSolution
		Debug|Any CPU = Debug|Any CPU
		Release|Any CPU = Release|Any CPU
	EndGlobalSection
	GlobalSection(SolutionProperties) = preSolution
		HideSolutionNode = FALSE
	EndGlobalSection
	GlobalSection(ProjectConfigurationPlatforms) = postSolution
		{65299FAB-E7C5-4799-B3CE-F84D0C6665C5}.Debug|Any CPU.ActiveCfg = Debug|Any CPU
		{65299FAB-E7C5-4799-B3CE-F84D0C6665C5}.Debug|Any CPU.Build.0 = Debug|Any CPU
		{65299FAB-E7C5-4799-B3CE-F84D0C6665C5}.Release|Any CPU.ActiveCfg = Release|Any CPU
		{65299FAB-E7C5-4799-B3CE-F84D0C6665C5}.Release|Any CPU.Build.0 = Release|Any CPU
		{BBD9326B-D1C2-4061-8FA1-6EA048FEC1AF}.Debug|Any CPU.ActiveCfg = Debug|Any CPU
		{BBD9326B-D1C2-4061-8FA1-6EA048FEC1AF}.Debug|Any CPU.Build.0 = Debug|Any CPU
		{BBD9326B-D1C2-4061-8FA1-6EA048FEC1AF}.Release|Any CPU.ActiveCfg = Release|Any CPU
		{BBD9326B-D1C2-4061-8FA1-6EA048FEC1AF}.Release|Any CPU.Build.0 = Release|Any CPU
		{9711801A-C5BA-44A3-9466-18D81A6F49D8}.Debug|Any CPU.ActiveCfg = Debug|Any CPU
		{9711801A-C5BA-44A3-9466-18D81A6F49D8}.Debug|Any CPU.Build.0 = Debug|Any CPU
		{9711801A-C5BA-44A3-9466-18D81A6F49D8}.Release|Any CPU.ActiveCfg = Release|Any CPU
		{9711801A-C5BA-44A3-9466-18D81A6F49D8}.Release|Any CPU.Build.0 = Release|Any CPU
	EndGlobalSection
EndGlobal
